
Microsoft Visual Studio Solution File, Format Version 12.00
# Visual Studio 15
VisualStudioVersion = 15.0.28307.271
MinimumVisualStudioVersion = 10.0.40219.1
Project("{E24C65DC-7377-472B-9ABA-BC803B73C61A}") = "myWeddingWebsite(1)", "myWeddingWebsite\", "{78FF41AE-EE00-43C9-A186-BA86073AD9DC}"
	ProjectSection(WebsiteProperties) = preProject
		TargetFrameworkMoniker = ".NETFramework,Version%3Dv4.0"
		Debug.AspNetCompiler.VirtualPath = "/localhost_63227"
		Debug.AspNetCompiler.PhysicalPath = "..\..\..\..\..\zCode\ZachCurryCodes\GitHub\03 myWeddingWebsite\myWeddingWebsite\myWeddingWebsite\"
		Debug.AspNetCompiler.TargetPath = "PrecompiledWeb\localhost_63227\"
		Debug.AspNetCompiler.Updateable = "true"
		Debug.AspNetCompiler.ForceOverwrite = "true"
		Debug.AspNetCompiler.FixedNames = "false"
		Debug.AspNetCompiler.Debug = "True"
		Release.AspNetCompiler.VirtualPath = "/localhost_63227"
		Release.AspNetCompiler.PhysicalPath = "..\..\..\..\..\zCode\ZachCurryCodes\GitHub\03 myWeddingWebsite\myWeddingWebsite\myWeddingWebsite\"
		Release.AspNetCompiler.TargetPath = "PrecompiledWeb\localhost_63227\"
		Release.AspNetCompiler.Updateable = "true"
		Release.AspNetCompiler.ForceOverwrite = "true"
		Release.AspNetCompiler.FixedNames = "false"
		Release.AspNetCompiler.Debug = "False"
		VWDPort = "63227"
	EndProjectSection
EndProject
Global
	GlobalSection(SolutionConfigurationPlatforms) = preSolution
		Debug|Any CPU = Debug|Any CPU
	EndGlobalSection
	GlobalSection(ProjectConfigurationPlatforms) = postSolution
		{78FF41AE-EE00-43C9-A186-BA86073AD9DC}.Debug|Any CPU.ActiveCfg = Debug|Any CPU
		{78FF41AE-EE00-43C9-A186-BA86073AD9DC}.Debug|Any CPU.Build.0 = Debug|Any CPU
	EndGlobalSection
	GlobalSection(SolutionProperties) = preSolution
		HideSolutionNode = FALSE
	EndGlobalSection
	GlobalSection(ExtensibilityGlobals) = postSolution
		SolutionGuid = {D5048034-3DAE-4CF8-8410-E8EF9E9DD747}
	EndGlobalSection
EndGlobal
